// !$*UTF8*$!
{
	archiveVersion = 1;
	classes = {
	};
	objectVersion = 54;
	objects = {

/* Begin PBXBuildFile section */
		554715A142974F212DA42B1F /* LaunchScreen.storyboard in Resources */ = {isa = PBXBuildFile; fileRef = F0A84A2E40642A45B474A132 /* LaunchScreen.storyboard */; };
		5A3E1C3DD6B4BD06DDCF3863 /* AppDelegate.swift in Sources */ = {isa = PBXBuildFile; fileRef = A91791D06CAE990A630E7766 /* AppDelegate.swift */; };
		90C5EBE2155650569AAF2212 /* Images.xcassets in Resources */ = {isa = PBXBuildFile; fileRef = 79794CDC46B05EB93B90F99C /* Images.xcassets */; };
		97C9C0A00A0BB1DC054FA214 /* libPods-LedgrionyxMobile.a in Frameworks */ = {isa = PBXBuildFile; fileRef = 48C9A55C4535651FC2C5BB92 /* libPods-LedgrionyxMobile.a */; };
		CDD93BEEEC3AFEDDC62600AA /* PrivacyInfo.xcprivacy in Resources */ = {isa = PBXBuildFile; fileRef = 9D3E448513DB6ADF43769FBF /* PrivacyInfo.xcprivacy */; };
/* End PBXBuildFile section */

/* Begin PBXFileReference section */
		263249F0D5520F963CC1D03E /* LedgrionyxMobile.app */ = {isa = PBXFileReference; includeInIndex = 0; lastKnownFileType = wrapper.application; path = LedgrionyxMobile.app; sourceTree = BUILT_PRODUCTS_DIR; };
		48C9A55C4535651FC2C5BB92 /* libPods-LedgrionyxMobile.a */ = {isa = PBXFileReference; explicitFileType = archive.ar; includeInIndex = 0; path = "libPods-LedgrionyxMobile.a"; sourceTree = BUILT_PRODUCTS_DIR; };
		79794CDC46B05EB93B90F99C /* Images.xcassets */ = {isa = PBXFileReference; lastKnownFileType = folder.assetcatalog; path = Images.xcassets; sourceTree = "<group>"; };
		9D3E448513DB6ADF43769FBF /* PrivacyInfo.xcprivacy */ = {isa = PBXFileReference; path = PrivacyInfo.xcprivacy; sourceTree = "<group>"; };
		A692791E76CC86DE1E9FBE5E /* Pods-LedgrionyxMobile.debug.xcconfig */ = {isa = PBXFileReference; includeInIndex = 1; lastKnownFileType = text.xcconfig; name = "Pods-LedgrionyxMobile.debug.xcconfig"; path = "Target Support Files/Pods-LedgrionyxMobile/Pods-LedgrionyxMobile.debug.xcconfig"; sourceTree = "<group>"; };
		A91791D06CAE990A630E7766 /* AppDelegate.swift */ = {isa = PBXFileReference; lastKnownFileType = sourcecode.swift; path = AppDelegate.swift; sourceTree = "<group>"; };
		B4E1C0A54735EBA058EEA10C /* Pods-LedgrionyxMobile.release.xcconfig */ = {isa = PBXFileReference; includeInIndex = 1; lastKnownFileType = text.xcconfig; name = "Pods-LedgrionyxMobile.release.xcconfig"; path = "Target Support Files/Pods-LedgrionyxMobile/Pods-LedgrionyxMobile.release.xcconfig"; sourceTree = "<group>"; };
		F0A84A2E40642A45B474A132 /* LaunchScreen.storyboard */ = {isa = PBXFileReference; lastKnownFileType = file.storyboard; path = LaunchScreen.storyboard; sourceTree = "<group>"; };
/* End PBXFileReference section */

/* Begin PBXFrameworksBuildPhase section */
		367733DE088B740089E40EFD /* Frameworks */ = {
			isa = PBXFrameworksBuildPhase;
			buildActionMask = 2147483647;
			files = (
				97C9C0A00A0BB1DC054FA214 /* libPods-LedgrionyxMobile.a in Frameworks */,
			);
			runOnlyForDeploymentPostprocessing = 0;
		};
/* End PBXFrameworksBuildPhase section */

/* Begin PBXGroup section */
		6C3EA22C3A707D38EB20285F /* LedgrionyxMobile */ = {
			isa = PBXGroup;
			children = (
				A91791D06CAE990A630E7766 /* AppDelegate.swift */,
				79794CDC46B05EB93B90F99C /* Images.xcassets */,
				F0A84A2E40642A45B474A132 /* LaunchScreen.storyboard */,
				9D3E448513DB6ADF43769FBF /* PrivacyInfo.xcprivacy */,
			);
			path = LedgrionyxMobile;
			sourceTree = "<group>";
		};
		8856A90ABAC166C0B7098493 = {
			isa = PBXGroup;
			children = (
				6C3EA22C3A707D38EB20285F /* LedgrionyxMobile */,
				C124125154B1DFB07465F412 /* Products */,
				C2945F4BD0BD099DA2066714 /* Pods */,
				8EB56CF5C5BC4E65E0C5AF32 /* Frameworks */,
			);
			sourceTree = "<group>";
		};
		8EB56CF5C5BC4E65E0C5AF32 /* Frameworks */ = {
			isa = PBXGroup;
			children = (
				48C9A55C4535651FC2C5BB92 /* libPods-LedgrionyxMobile.a */,
			);
			name = Frameworks;
			sourceTree = "<group>";
		};
		C124125154B1DFB07465F412 /* Products */ = {
			isa = PBXGroup;
			children = (
				263249F0D5520F963CC1D03E /* LedgrionyxMobile.app */,
			);
			name = Products;
			sourceTree = "<group>";
		};
		C2945F4BD0BD099DA2066714 /* Pods */ = {
			isa = PBXGroup;
			children = (
				A692791E76CC86DE1E9FBE5E /* Pods-LedgrionyxMobile.debug.xcconfig */,
				B4E1C0A54735EBA058EEA10C /* Pods-LedgrionyxMobile.release.xcconfig */,
			);
			name = Pods;
			path = Pods;
			sourceTree = "<group>";
		};
/* End PBXGroup section */

/* Begin PBXNativeTarget section */
		43201FED99FCE28B0F03790B /* LedgrionyxMobile */ = {
			isa = PBXNativeTarget;
			buildConfigurationList = A1EC4FEB900803D295F94323 /* Build configuration list for PBXNativeTarget "LedgrionyxMobile" */;
			buildPhases = (
				89D116DA058BAC8428F8ED93 /* [CP] Check Pods Manifest.lock */,
				952E343D65743F9DFA7AF4DE /* Sources */,
				70C6CC2CC57476AACE896D5B /* Resources */,
				367733DE088B740089E40EFD /* Frameworks */,
				0054B3F936148A4D867242FC /* [CP] Embed Pods Frameworks */,
				F6614CA5700E34B6CFD175D3 /* [CP] Copy Pods Resources */,
			);
			buildRules = (
			);
			dependencies = (
			);
			name = LedgrionyxMobile;
			productName = LedgrionyxMobile;
			productReference = 263249F0D5520F963CC1D03E /* LedgrionyxMobile.app */;
			productType = "com.apple.product-type.application";
		};
/* End PBXNativeTarget section */

/* Begin PBXProject section */
		062546C2E757D3EC68B391AD /* Project object */ = {
			isa = PBXProject;
			attributes = {
				BuildIndependentTargetsInParallel = YES;
				LastUpgradeCheck = 1430;
				TargetAttributes = {
					43201FED99FCE28B0F03790B = {
						DevelopmentTeam = "";
						ProvisioningStyle = Automatic;
					};
				};
			};
			buildConfigurationList = 53748272BCD4414264D631BF /* Build configuration list for PBXProject "LedgrionyxMobile" */;
			compatibilityVersion = "Xcode 14.0";
			developmentRegion = en;
			hasScannedForEncodings = 0;
			knownRegions = (
				Base,
				en,
			);
			mainGroup = 8856A90ABAC166C0B7098493;
			productRefGroup = C124125154B1DFB07465F412 /* Products */;
			projectDirPath = "";
			projectRoot = "";
			targets = (
				43201FED99FCE28B0F03790B /* LedgrionyxMobile */,
			);
		};
/* End PBXProject section */

/* Begin PBXResourcesBuildPhase section */
		70C6CC2CC57476AACE896D5B /* Resources */ = {
			isa = PBXResourcesBuildPhase;
			buildActionMask = 2147483647;
			files = (
				90C5EBE2155650569AAF2212 /* Images.xcassets in Resources */,
				554715A142974F212DA42B1F /* LaunchScreen.storyboard in Resources */,
				CDD93BEEEC3AFEDDC62600AA /* PrivacyInfo.xcprivacy in Resources */,
			);
			runOnlyForDeploymentPostprocessing = 0;
		};
/* End PBXResourcesBuildPhase section */

/* Begin PBXShellScriptBuildPhase section */
		0054B3F936148A4D867242FC /* [CP] Embed Pods Frameworks */ = {
			isa = PBXShellScriptBuildPhase;
			buildActionMask = 2147483647;
			files = (
			);
			inputFileListPaths = (
				"${PODS_ROOT}/Target Support Files/Pods-LedgrionyxMobile/Pods-LedgrionyxMobile-frameworks-${CONFIGURATION}-input-files.xcfilelist",
			);
			name = "[CP] Embed Pods Frameworks";
			outputFileListPaths = (
				"${PODS_ROOT}/Target Support Files/Pods-LedgrionyxMobile/Pods-LedgrionyxMobile-frameworks-${CONFIGURATION}-output-files.xcfilelist",
			);
			runOnlyForDeploymentPostprocessing = 0;
			shellPath = /bin/sh;
			shellScript = "\"${PODS_ROOT}/Target Support Files/Pods-LedgrionyxMobile/Pods-LedgrionyxMobile-frameworks.sh\"\n";
			showEnvVarsInLog = 0;
		};
		89D116DA058BAC8428F8ED93 /* [CP] Check Pods Manifest.lock */ = {
			isa = PBXShellScriptBuildPhase;
			buildActionMask = 2147483647;
			files = (
			);
			inputFileListPaths = (
			);
			inputPaths = (
				"${PODS_PODFILE_DIR_PATH}/Podfile.lock",
				"${PODS_ROOT}/Manifest.lock",
			);
			name = "[CP] Check Pods Manifest.lock";
			outputFileListPaths = (
			);
			outputPaths = (
				"$(DERIVED_FILE_DIR)/Pods-LedgrionyxMobile-checkManifestLockResult.txt",
			);
			runOnlyForDeploymentPostprocessing = 0;
			shellPath = /bin/sh;
			shellScript = "diff \"${PODS_PODFILE_DIR_PATH}/Podfile.lock\" \"${PODS_ROOT}/Manifest.lock\" > /dev/null\nif [ $? != 0 ] ; then\n    # print error to STDERR\n    echo \"error: The sandbox is not in sync with the Podfile.lock. Run 'pod install' or update your CocoaPods installation.\" >&2\n    exit 1\nfi\n# This output is used by Xcode 'outputs' to avoid re-running this script phase.\necho \"SUCCESS\" > \"${SCRIPT_OUTPUT_FILE_0}\"\n";
			showEnvVarsInLog = 0;
		};
		F6614CA5700E34B6CFD175D3 /* [CP] Copy Pods Resources */ = {
			isa = PBXShellScriptBuildPhase;
			buildActionMask = 2147483647;
			files = (
			);
			inputFileListPaths = (
				"${PODS_ROOT}/Target Support Files/Pods-LedgrionyxMobile/Pods-LedgrionyxMobile-resources-${CONFIGURATION}-input-files.xcfilelist",
			);
			name = "[CP] Copy Pods Resources";
			outputFileListPaths = (
				"${PODS_ROOT}/Target Support Files/Pods-LedgrionyxMobile/Pods-LedgrionyxMobile-resources-${CONFIGURATION}-output-files.xcfilelist",
			);
			runOnlyForDeploymentPostprocessing = 0;
			shellPath = /bin/sh;
			shellScript = "\"${PODS_ROOT}/Target Support Files/Pods-LedgrionyxMobile/Pods-LedgrionyxMobile-resources.sh\"\n";
			showEnvVarsInLog = 0;
		};
/* End PBXShellScriptBuildPhase section */

/* Begin PBXSourcesBuildPhase section */
		952E343D65743F9DFA7AF4DE /* Sources */ = {
			isa = PBXSourcesBuildPhase;
			buildActionMask = 2147483647;
			files = (
				5A3E1C3DD6B4BD06DDCF3863 /* AppDelegate.swift in Sources */,
			);
			runOnlyForDeploymentPostprocessing = 0;
		};
/* End PBXSourcesBuildPhase section */

/* Begin XCBuildConfiguration section */
		09621840103DB5431AD3275C /* Release */ = {
			isa = XCBuildConfiguration;
			baseConfigurationReference = B4E1C0A54735EBA058EEA10C /* Pods-LedgrionyxMobile.release.xcconfig */;
			buildSettings = {
				ASSETCATALOG_COMPILER_APPICON_NAME = AppIcon;
				CODE_SIGN_IDENTITY = "iPhone Developer";
				CODE_SIGN_STYLE = Automatic;
				DEVELOPMENT_TEAM = "";
				INFOPLIST_FILE = LedgrionyxMobile/Info.plist;
				INFOPLIST_KEY_CFBundleDisplayName = Ledgrionyx;
				INFOPLIST_KEY_UILaunchStoryboardName = LaunchScreen;
				IPHONEOS_DEPLOYMENT_TARGET = 15.1;
				LD_RUNPATH_SEARCH_PATHS = (
					"$(inherited)",
					"@executable_path/Frameworks",
				);
				OTHER_LDFLAGS = (
					"$(inherited)",
					"-ObjC",
				);
				PRODUCT_BUNDLE_IDENTIFIER = com.ledgrionyx.mobile;
				PRODUCT_NAME = LedgrionyxMobile;
				SDKROOT = iphoneos;
				TARGETED_DEVICE_FAMILY = 1;
			};
			name = Release;
		};
		0BAFC362D033025ADBB248F5 /* Release */ = {
			isa = XCBuildConfiguration;
			buildSettings = {
				ALWAYS_SEARCH_USER_PATHS = NO;
				CLANG_ANALYZER_NONNULL = YES;
				CLANG_ANALYZER_NUMBER_OBJECT_CONVERSION = YES_AGGRESSIVE;
				CLANG_CXX_LANGUAGE_STANDARD = "c++20";
				CLANG_CXX_LIBRARY = "libc++";
				CLANG_ENABLE_MODULES = YES;
				CLANG_ENABLE_OBJC_ARC = YES;
				CLANG_ENABLE_OBJC_WEAK = YES;
				CLANG_WARN_BLOCK_CAPTURE_AUTORELEASING = YES;
				CLANG_WARN_BOOL_CONVERSION = YES;
				CLANG_WARN_COMMA = YES;
				CLANG_WARN_CONSTANT_CONVERSION = YES;
				CLANG_WARN_DEPRECATED_OBJC_IMPLEMENTATIONS = YES;
				CLANG_WARN_DIRECT_OBJC_ISA_USAGE = YES_ERROR;
				CLANG_WARN_DOCUMENTATION_COMMENTS = YES;
				CLANG_WARN_EMPTY_BODY = YES;
				CLANG_WARN_ENUM_CONVERSION = YES;
				CLANG_WARN_INFINITE_RECURSION = YES;
				CLANG_WARN_INT_CONVERSION = YES;
				CLANG_WARN_NON_LITERAL_NULL_CONVERSION = YES;
				CLANG_WARN_OBJC_IMPLICIT_RETAIN_SELF = YES;
				CLANG_WARN_OBJC_LITERAL_CONVERSION = YES;
				CLANG_WARN_OBJC_ROOT_CLASS = YES_ERROR;
				CLANG_WARN_QUOTED_INCLUDE_IN_FRAMEWORK_HEADER = YES;
				CLANG_WARN_RANGE_LOOP_ANALYSIS = YES;
				CLANG_WARN_STRICT_PROTOTYPES = YES;
				CLANG_WARN_SUSPICIOUS_MOVE = YES;
				CLANG_WARN_UNGUARDED_AVAILABILITY = YES_AGGRESSIVE;
				CLANG_WARN_UNREACHABLE_CODE = YES;
				CLANG_WARN__DUPLICATE_METHOD_MATCH = YES;
				COPY_PHASE_STRIP = NO;
				CURRENT_PROJECT_VERSION = 1;
				DEBUG_INFORMATION_FORMAT = "dwarf-with-dsym";
				ENABLE_NS_ASSERTIONS = NO;
				ENABLE_STRICT_OBJC_MSGSEND = YES;
				GCC_C_LANGUAGE_STANDARD = gnu11;
				GCC_NO_COMMON_BLOCKS = YES;
				GCC_WARN_64_TO_32_BIT_CONVERSION = YES;
				GCC_WARN_ABOUT_RETURN_TYPE = YES_ERROR;
				GCC_WARN_UNDECLARED_SELECTOR = YES;
				GCC_WARN_UNINITIALIZED_AUTOS = YES_AGGRESSIVE;
				GCC_WARN_UNUSED_FUNCTION = YES;
				GCC_WARN_UNUSED_VARIABLE = YES;
				IPHONEOS_DEPLOYMENT_TARGET = 15.1;
				MARKETING_VERSION = 0.1.0;
				MTL_ENABLE_DEBUG_INFO = NO;
				MTL_FAST_MATH = YES;
				OTHER_LDFLAGS = (
					"$(inherited)",
					" ",
				);
				PRODUCT_NAME = "$(TARGET_NAME)";
				REACT_NATIVE_PATH = "${PODS_ROOT}/../../node_modules/react-native";
				SDKROOT = iphoneos;
				SWIFT_COMPILATION_MODE = wholemodule;
				SWIFT_OPTIMIZATION_LEVEL = "-O";
				SWIFT_VERSION = 5.0;
				USE_HERMES = true;
			};
			name = Release;
		};
		77887B4B3F66F0AD2AF1D159 /* Debug */ = {
			isa = XCBuildConfiguration;
			buildSettings = {
				ALWAYS_SEARCH_USER_PATHS = NO;
				CLANG_ANALYZER_NONNULL = YES;
				CLANG_ANALYZER_NUMBER_OBJECT_CONVERSION = YES_AGGRESSIVE;
				CLANG_CXX_LANGUAGE_STANDARD = "c++20";
				CLANG_CXX_LIBRARY = "libc++";
				CLANG_ENABLE_MODULES = YES;
				CLANG_ENABLE_OBJC_ARC = YES;
				CLANG_ENABLE_OBJC_WEAK = YES;
				CLANG_WARN_BLOCK_CAPTURE_AUTORELEASING = YES;
				CLANG_WARN_BOOL_CONVERSION = YES;
				CLANG_WARN_COMMA = YES;
				CLANG_WARN_CONSTANT_CONVERSION = YES;
				CLANG_WARN_DEPRECATED_OBJC_IMPLEMENTATIONS = YES;
				CLANG_WARN_DIRECT_OBJC_ISA_USAGE = YES_ERROR;
				CLANG_WARN_DOCUMENTATION_COMMENTS = YES;
				CLANG_WARN_EMPTY_BODY = YES;
				CLANG_WARN_ENUM_CONVERSION = YES;
				CLANG_WARN_INFINITE_RECURSION = YES;
				CLANG_WARN_INT_CONVERSION = YES;
				CLANG_WARN_NON_LITERAL_NULL_CONVERSION = YES;
				CLANG_WARN_OBJC_IMPLICIT_RETAIN_SELF = YES;
				CLANG_WARN_OBJC_LITERAL_CONVERSION = YES;
				CLANG_WARN_OBJC_ROOT_CLASS = YES_ERROR;
				CLANG_WARN_QUOTED_INCLUDE_IN_FRAMEWORK_HEADER = YES;
				CLANG_WARN_RANGE_LOOP_ANALYSIS = YES;
				CLANG_WARN_STRICT_PROTOTYPES = YES;
				CLANG_WARN_SUSPICIOUS_MOVE = YES;
				CLANG_WARN_UNGUARDED_AVAILABILITY = YES_AGGRESSIVE;
				CLANG_WARN_UNREACHABLE_CODE = YES;
				CLANG_WARN__DUPLICATE_METHOD_MATCH = YES;
				COPY_PHASE_STRIP = NO;
				CURRENT_PROJECT_VERSION = 1;
				DEBUG_INFORMATION_FORMAT = dwarf;
				ENABLE_STRICT_OBJC_MSGSEND = YES;
				ENABLE_TESTABILITY = YES;
				GCC_C_LANGUAGE_STANDARD = gnu11;
				GCC_DYNAMIC_NO_PIC = NO;
				GCC_NO_COMMON_BLOCKS = YES;
				GCC_OPTIMIZATION_LEVEL = 0;
				GCC_PREPROCESSOR_DEFINITIONS = (
					"$(inherited)",
					"DEBUG=1",
				);
				GCC_WARN_64_TO_32_BIT_CONVERSION = YES;
				GCC_WARN_ABOUT_RETURN_TYPE = YES_ERROR;
				GCC_WARN_UNDECLARED_SELECTOR = YES;
				GCC_WARN_UNINITIALIZED_AUTOS = YES_AGGRESSIVE;
				GCC_WARN_UNUSED_FUNCTION = YES;
				GCC_WARN_UNUSED_VARIABLE = YES;
				IPHONEOS_DEPLOYMENT_TARGET = 15.1;
				MARKETING_VERSION = 0.1.0;
				MTL_ENABLE_DEBUG_INFO = INCLUDE_SOURCE;
				MTL_FAST_MATH = YES;
				ONLY_ACTIVE_ARCH = YES;
				OTHER_LDFLAGS = (
					"$(inherited)",
					" ",
				);
				PRODUCT_NAME = "$(TARGET_NAME)";
				REACT_NATIVE_PATH = "${PODS_ROOT}/../../node_modules/react-native";
				SDKROOT = iphoneos;
				SWIFT_ACTIVE_COMPILATION_CONDITIONS = "$(inherited) DEBUG";
				SWIFT_OPTIMIZATION_LEVEL = "-Onone";
				SWIFT_VERSION = 5.0;
				USE_HERMES = true;
			};
			name = Debug;
		};
		78DF185780A1D9D43E38D0E6 /* Debug */ = {
			isa = XCBuildConfiguration;
			baseConfigurationReference = A692791E76CC86DE1E9FBE5E /* Pods-LedgrionyxMobile.debug.xcconfig */;
			buildSettings = {
				ASSETCATALOG_COMPILER_APPICON_NAME = AppIcon;
				CODE_SIGN_IDENTITY = "iPhone Developer";
				CODE_SIGN_STYLE = Automatic;
				DEVELOPMENT_TEAM = "";
				INFOPLIST_FILE = LedgrionyxMobile/Info.plist;
				INFOPLIST_KEY_CFBundleDisplayName = Ledgrionyx;
				INFOPLIST_KEY_UILaunchStoryboardName = LaunchScreen;
				IPHONEOS_DEPLOYMENT_TARGET = 15.1;
				LD_RUNPATH_SEARCH_PATHS = (
					"$(inherited)",
					"@executable_path/Frameworks",
				);
				OTHER_LDFLAGS = (
					"$(inherited)",
					"-ObjC",
				);
				PRODUCT_BUNDLE_IDENTIFIER = com.ledgrionyx.mobile;
				PRODUCT_NAME = LedgrionyxMobile;
				SDKROOT = iphoneos;
				TARGETED_DEVICE_FAMILY = 1;
			};
			name = Debug;
		};
/* End XCBuildConfiguration section */

/* Begin XCConfigurationList section */
		53748272BCD4414264D631BF /* Build configuration list for PBXProject "LedgrionyxMobile" */ = {
			isa = XCConfigurationList;
			buildConfigurations = (
				77887B4B3F66F0AD2AF1D159 /* Debug */,
				0BAFC362D033025ADBB248F5 /* Release */,
			);
			defaultConfigurationIsVisible = 0;
			defaultConfigurationName = Debug;
		};
		A1EC4FEB900803D295F94323 /* Build configuration list for PBXNativeTarget "LedgrionyxMobile" */ = {
			isa = XCConfigurationList;
			buildConfigurations = (
				78DF185780A1D9D43E38D0E6 /* Debug */,
				09621840103DB5431AD3275C /* Release */,
			);
			defaultConfigurationIsVisible = 0;
			defaultConfigurationName = Debug;
		};
/* End XCConfigurationList section */
	};
	rootObject = 062546C2E757D3EC68B391AD /* Project object */;
}
